
Microsoft Visual Studio Solution File, Format Version 12.00
# Visual Studio Version 17
VisualStudioVersion = 17.14.36518.9
MinimumVisualStudioVersion = 10.0.40219.1
Project("{FAE04EC0-301F-11D3-BF4B-00C04F79EFBC}") = "FootNotes.Core", "FootNotes.Core\FootNotes.Core.csproj", "{C5ECB922-883F-4418-8A18-23D8F8B9AA39}"
EndProject
Project("{2150E333-8FDC-42A3-9474-1A3956D46DE8}") = "IAM", "IAM", "{02EA681E-C7D8-13C7-8484-4AC65E1B71E8}"
EndProject
Project("{FAE04EC0-301F-11D3-BF4B-00C04F79EFBC}") = "FootNotes.IAM.Domain", "..\FootNotes.IAM.Domain\FootNotes.IAM.Domain.csproj", "{41555066-BD78-4D58-828B-119C737FD7D7}"
EndProject
Project("{FAE04EC0-301F-11D3-BF4B-00C04F79EFBC}") = "FootNotes.IAM.Data", "..\FootNotes.IAM.Data\FootNotes.IAM.Data.csproj", "{CE4776B8-9C1C-400F-B3F0-E0948E723219}"
EndProject
Project("{FAE04EC0-301F-11D3-BF4B-00C04F79EFBC}") = "FootNotes.Core.Data", "..\FootNotes.Core.Data\FootNotes.Core.Data.csproj", "{99AF9F79-6A25-4684-9787-DD54D0412F30}"
EndProject
Project("{FAE04EC0-301F-11D3-BF4B-00C04F79EFBC}") = "FootNotes.IAM.Application", "..\FootNotes.IAM.Application\FootNotes.IAM.Application.csproj", "{00AD8B09-5EC0-42F8-B6C8-FBAC837DF1D5}"
EndProject
Project("{FAE04EC0-301F-11D3-BF4B-00C04F79EFBC}") = "FootNotes.IAM.API", "..\FootNotes.IAM.API\FootNotes.IAM.API.csproj", "{3E7DB78F-B9E5-4D81-8C28-A598D1C5A242}"
EndProject
Project("{2150E333-8FDC-42A3-9474-1A3956D46DE8}") = "Core", "Core", "{57B1C047-782C-4DA8-B19A-94DC62E2A2A1}"
EndProject
Project("{FAE04EC0-301F-11D3-BF4B-00C04F79EFBC}") = "FootNotes.Core.Application", "..\FootNotes.Core.Application\FootNotes.Core.Application.csproj", "{464BCDE8-5C78-4500-8DA2-58B203BBA7D3}"
EndProject
Project("{FAE04EC0-301F-11D3-BF4B-00C04F79EFBC}") = "FootNote.Migrator", "..\FootNote.Migrator\FootNote.Migrator.csproj", "{BAAF6E24-0F6C-497B-BC19-3DAA4119A99E}"
EndProject
Project("{2150E333-8FDC-42A3-9474-1A3956D46DE8}") = "Crosscutting", "Crosscutting", "{8389E155-4297-4D71-AEFB-6323F607734C}"
EndProject
Project("{FAE04EC0-301F-11D3-BF4B-00C04F79EFBC}") = "FootNotes.Crosscutting.Utils", "..\FootNotes.Crooscutting.Utils\FootNotes.Crosscutting.Utils.csproj", "{166E701F-D22B-4025-AC71-3ED49EDE0E82}"
EndProject
Project("{FAE04EC0-301F-11D3-BF4B-00C04F79EFBC}") = "FootNotes.Crosscuting.EventSourcing", "..\FootNotes.Crosscuting.EventSourcing\FootNotes.Crosscuting.EventSourcing.csproj", "{C2521375-37EE-4063-BB14-37A19C909A1B}"
EndProject
Project("{2150E333-8FDC-42A3-9474-1A3956D46DE8}") = "MatchManagement", "MatchManagement", "{8799EBF8-E1EB-430A-998A-58135A258282}"
EndProject
Project("{FAE04EC0-301F-11D3-BF4B-00C04F79EFBC}") = "FootNotes.MatchManagement.Domain", "..\FootNotes.Match.Domain\FootNotes.MatchManagement.Domain.csproj", "{26780B9D-9301-460F-85D8-F54964791806}"
EndProject
Project("{2150E333-8FDC-42A3-9474-1A3956D46DE8}") = "Annotations", "Annotations", "{D7F72B34-E029-4B31-9088-F8D78146CFB3}"
EndProject
Project("{FAE04EC0-301F-11D3-BF4B-00C04F79EFBC}") = "FootNotes.Annotations.Domain", "..\FootNotes.Annotations.Domain\FootNotes.Annotations.Domain.csproj", "{94BA49D9-C81F-4E58-AD9E-410324797454}"
EndProject
Project("{FAE04EC0-301F-11D3-BF4B-00C04F79EFBC}") = "FootNotes.MatchManagement.Data", "..\FootNotes.Match.Data\FootNotes.MatchManagement.Data.csproj", "{1ACA61D8-A2B2-4D31-94F1-5DB5B7113D56}"
EndProject
Project("{FAE04EC0-301F-11D3-BF4B-00C04F79EFBC}") = "FootNotes.MatchManagement.API", "..\FootNotes.MatchManagement.API\FootNotes.MatchManagement.API.csproj", "{E354B136-A4C6-45B7-9F6B-2B0E791D531C}"
EndProject
Project("{FAE04EC0-301F-11D3-BF4B-00C04F79EFBC}") = "FootNotes.MatchManagement.Application", "..\FootNotes.MatchManagement.Application\FootNotes.MatchManagement.Application.csproj", "{D126EB84-DC73-4742-8618-FBECB7E09515}"
EndProject
Project("{2150E333-8FDC-42A3-9474-1A3956D46DE8}") = "Solution Items", "Solution Items", "{8EC462FD-D22E-90A8-E5CE-7E832BA40C5D}"
	ProjectSection(SolutionItems) = preProject
		..\README.md = ..\README.md
	EndProjectSection
EndProject
Global
	GlobalSection(SolutionConfigurationPlatforms) = preSolution
		Debug|Any CPU = Debug|Any CPU
		Release|Any CPU = Release|Any CPU
	EndGlobalSection
	GlobalSection(ProjectConfigurationPlatforms) = postSolution
		{C5ECB922-883F-4418-8A18-23D8F8B9AA39}.Debug|Any CPU.ActiveCfg = Debug|Any CPU
		{C5ECB922-883F-4418-8A18-23D8F8B9AA39}.Debug|Any CPU.Build.0 = Debug|Any CPU
		{C5ECB922-883F-4418-8A18-23D8F8B9AA39}.Release|Any CPU.ActiveCfg = Release|Any CPU
		{C5ECB922-883F-4418-8A18-23D8F8B9AA39}.Release|Any CPU.Build.0 = Release|Any CPU
		{41555066-BD78-4D58-828B-119C737FD7D7}.Debug|Any CPU.ActiveCfg = Debug|Any CPU
		{41555066-BD78-4D58-828B-119C737FD7D7}.Debug|Any CPU.Build.0 = Debug|Any CPU
		{41555066-BD78-4D58-828B-119C737FD7D7}.Release|Any CPU.ActiveCfg = Release|Any CPU
		{41555066-BD78-4D58-828B-119C737FD7D7}.Release|Any CPU.Build.0 = Release|Any CPU
		{CE4776B8-9C1C-400F-B3F0-E0948E723219}.Debug|Any CPU.ActiveCfg = Debug|Any CPU
		{CE4776B8-9C1C-400F-B3F0-E0948E723219}.Debug|Any CPU.Build.0 = Debug|Any CPU
		{CE4776B8-9C1C-400F-B3F0-E0948E723219}.Release|Any CPU.ActiveCfg = Release|Any CPU
		{CE4776B8-9C1C-400F-B3F0-E0948E723219}.Release|Any CPU.Build.0 = Release|Any CPU
		{99AF9F79-6A25-4684-9787-DD54D0412F30}.Debug|Any CPU.ActiveCfg = Debug|Any CPU
		{99AF9F79-6A25-4684-9787-DD54D0412F30}.Debug|Any CPU.Build.0 = Debug|Any CPU
		{99AF9F79-6A25-4684-9787-DD54D0412F30}.Release|Any CPU.ActiveCfg = Release|Any CPU
		{99AF9F79-6A25-4684-9787-DD54D0412F30}.Release|Any CPU.Build.0 = Release|Any CPU
		{00AD8B09-5EC0-42F8-B6C8-FBAC837DF1D5}.Debug|Any CPU.ActiveCfg = Debug|Any CPU
		{00AD8B09-5EC0-42F8-B6C8-FBAC837DF1D5}.Debug|Any CPU.Build.0 = Debug|Any CPU
		{00AD8B09-5EC0-42F8-B6C8-FBAC837DF1D5}.Release|Any CPU.ActiveCfg = Release|Any CPU
		{00AD8B09-5EC0-42F8-B6C8-FBAC837DF1D5}.Release|Any CPU.Build.0 = Release|Any CPU
		{3E7DB78F-B9E5-4D81-8C28-A598D1C5A242}.Debug|Any CPU.ActiveCfg = Debug|Any CPU
		{3E7DB78F-B9E5-4D81-8C28-A598D1C5A242}.Debug|Any CPU.Build.0 = Debug|Any CPU
		{3E7DB78F-B9E5-4D81-8C28-A598D1C5A242}.Release|Any CPU.ActiveCfg = Release|Any CPU
		{3E7DB78F-B9E5-4D81-8C28-A598D1C5A242}.Release|Any CPU.Build.0 = Release|Any CPU
		{464BCDE8-5C78-4500-8DA2-58B203BBA7D3}.Debug|Any CPU.ActiveCfg = Debug|Any CPU
		{464BCDE8-5C78-4500-8DA2-58B203BBA7D3}.Debug|Any CPU.Build.0 = Debug|Any CPU
		{464BCDE8-5C78-4500-8DA2-58B203BBA7D3}.Release|Any CPU.ActiveCfg = Release|Any CPU
		{464BCDE8-5C78-4500-8DA2-58B203BBA7D3}.Release|Any CPU.Build.0 = Release|Any CPU
		{BAAF6E24-0F6C-497B-BC19-3DAA4119A99E}.Debug|Any CPU.ActiveCfg = Debug|Any CPU
		{BAAF6E24-0F6C-497B-BC19-3DAA4119A99E}.Debug|Any CPU.Build.0 = Debug|Any CPU
		{BAAF6E24-0F6C-497B-BC19-3DAA4119A99E}.Release|Any CPU.ActiveCfg = Release|Any CPU
		{BAAF6E24-0F6C-497B-BC19-3DAA4119A99E}.Release|Any CPU.Build.0 = Release|Any CPU
		{166E701F-D22B-4025-AC71-3ED49EDE0E82}.Debug|Any CPU.ActiveCfg = Debug|Any CPU
		{166E701F-D22B-4025-AC71-3ED49EDE0E82}.Debug|Any CPU.Build.0 = Debug|Any CPU
		{166E701F-D22B-4025-AC71-3ED49EDE0E82}.Release|Any CPU.ActiveCfg = Release|Any CPU
		{166E701F-D22B-4025-AC71-3ED49EDE0E82}.Release|Any CPU.Build.0 = Release|Any CPU
		{C2521375-37EE-4063-BB14-37A19C909A1B}.Debug|Any CPU.ActiveCfg = Debug|Any CPU
		{C2521375-37EE-4063-BB14-37A19C909A1B}.Debug|Any CPU.Build.0 = Debug|Any CPU
		{C2521375-37EE-4063-BB14-37A19C909A1B}.Release|Any CPU.ActiveCfg = Release|Any CPU
		{C2521375-37EE-4063-BB14-37A19C909A1B}.Release|Any CPU.Build.0 = Release|Any CPU
		{26780B9D-9301-460F-85D8-F54964791806}.Debug|Any CPU.ActiveCfg = Debug|Any CPU
		{26780B9D-9301-460F-85D8-F54964791806}.Debug|Any CPU.Build.0 = Debug|Any CPU
		{26780B9D-9301-460F-85D8-F54964791806}.Release|Any CPU.ActiveCfg = Release|Any CPU
		{26780B9D-9301-460F-85D8-F54964791806}.Release|Any CPU.Build.0 = Release|Any CPU
		{94BA49D9-C81F-4E58-AD9E-410324797454}.Debug|Any CPU.ActiveCfg = Debug|Any CPU
		{94BA49D9-C81F-4E58-AD9E-410324797454}.Debug|Any CPU.Build.0 = Debug|Any CPU
		{94BA49D9-C81F-4E58-AD9E-410324797454}.Release|Any CPU.ActiveCfg = Release|Any CPU
		{94BA49D9-C81F-4E58-AD9E-410324797454}.Release|Any CPU.Build.0 = Release|Any CPU
		{1ACA61D8-A2B2-4D31-94F1-5DB5B7113D56}.Debug|Any CPU.ActiveCfg = Debug|Any CPU
		{1ACA61D8-A2B2-4D31-94F1-5DB5B7113D56}.Debug|Any CPU.Build.0 = Debug|Any CPU
		{1ACA61D8-A2B2-4D31-94F1-5DB5B7113D56}.Release|Any CPU.ActiveCfg = Release|Any CPU
		{1ACA61D8-A2B2-4D31-94F1-5DB5B7113D56}.Release|Any CPU.Build.0 = Release|Any CPU
		{E354B136-A4C6-45B7-9F6B-2B0E791D531C}.Debug|Any CPU.ActiveCfg = Debug|Any CPU
		{E354B136-A4C6-45B7-9F6B-2B0E791D531C}.Debug|Any CPU.Build.0 = Debug|Any CPU
		{E354B136-A4C6-45B7-9F6B-2B0E791D531C}.Release|Any CPU.ActiveCfg = Release|Any CPU
		{E354B136-A4C6-45B7-9F6B-2B0E791D531C}.Release|Any CPU.Build.0 = Release|Any CPU
		{D126EB84-DC73-4742-8618-FBECB7E09515}.Debug|Any CPU.ActiveCfg = Debug|Any CPU
		{D126EB84-DC73-4742-8618-FBECB7E09515}.Debug|Any CPU.Build.0 = Debug|Any CPU
		{D126EB84-DC73-4742-8618-FBECB7E09515}.Release|Any CPU.ActiveCfg = Release|Any CPU
		{D126EB84-DC73-4742-8618-FBECB7E09515}.Release|Any CPU.Build.0 = Release|Any CPU
	EndGlobalSection
	GlobalSection(SolutionProperties) = preSolution
		HideSolutionNode = FALSE
	EndGlobalSection
	GlobalSection(NestedProjects) = preSolution
		{C5ECB922-883F-4418-8A18-23D8F8B9AA39} = {57B1C047-782C-4DA8-B19A-94DC62E2A2A1}
		{41555066-BD78-4D58-828B-119C737FD7D7} = {02EA681E-C7D8-13C7-8484-4AC65E1B71E8}
		{CE4776B8-9C1C-400F-B3F0-E0948E723219} = {02EA681E-C7D8-13C7-8484-4AC65E1B71E8}
		{99AF9F79-6A25-4684-9787-DD54D0412F30} = {57B1C047-782C-4DA8-B19A-94DC62E2A2A1}
		{00AD8B09-5EC0-42F8-B6C8-FBAC837DF1D5} = {02EA681E-C7D8-13C7-8484-4AC65E1B71E8}
		{3E7DB78F-B9E5-4D81-8C28-A598D1C5A242} = {02EA681E-C7D8-13C7-8484-4AC65E1B71E8}
		{464BCDE8-5C78-4500-8DA2-58B203BBA7D3} = {57B1C047-782C-4DA8-B19A-94DC62E2A2A1}
		{166E701F-D22B-4025-AC71-3ED49EDE0E82} = {8389E155-4297-4D71-AEFB-6323F607734C}
		{C2521375-37EE-4063-BB14-37A19C909A1B} = {8389E155-4297-4D71-AEFB-6323F607734C}
		{26780B9D-9301-460F-85D8-F54964791806} = {8799EBF8-E1EB-430A-998A-58135A258282}
		{94BA49D9-C81F-4E58-AD9E-410324797454} = {D7F72B34-E029-4B31-9088-F8D78146CFB3}
		{1ACA61D8-A2B2-4D31-94F1-5DB5B7113D56} = {8799EBF8-E1EB-430A-998A-58135A258282}
		{E354B136-A4C6-45B7-9F6B-2B0E791D531C} = {8799EBF8-E1EB-430A-998A-58135A258282}
		{D126EB84-DC73-4742-8618-FBECB7E09515} = {8799EBF8-E1EB-430A-998A-58135A258282}
	EndGlobalSection
	GlobalSection(ExtensibilityGlobals) = postSolution
		SolutionGuid = {851CD24B-6C1F-4B37-B5EC-ED43C6BBAA99}
	EndGlobalSection
EndGlobal
